{
  "name": "sdtree",
  "version": "2.0.0",
  "lockfileVersion": 1,
  "requires": true,
  "dependencies": {
    "cmdhelper": {
      "version": "git+https://github.com/lilindog/cmdhelper.git#3b74dad9faccc8582c3b20b9da0490065512a4fb",
      "from": "git+https://github.com/lilindog/cmdhelper.git"
    },
    "filehelper": {
      "version": "git+https://github.com/lilindog/filehelper.git#dc23eca3d3cbfcec5bc158609d0ad964d1445021",
      "from": "git+https://github.com/lilindog/filehelper.git"
    }
  }
}
