{
  "name": "sdtree",
  "version": "2.1.0",
  "lockfileVersion": 1,
  "requires": true,
  "dependencies": {
    "cmdhelper": {
      "version": "git+https://github.com/lilindog/cmdhelper.git#3b74dad9faccc8582c3b20b9da0490065512a4fb",
      "from": "git+https://github.com/lilindog/cmdhelper.git"
    },
    "filehelper": {
      "version": "git+https://github.com/lilindog/filehelper.git#24ca6a02ba7a9a1169bf62bc47af4c531ef6dbe2",
      "from": "git+https://github.com/lilindog/filehelper.git"
    }
  }
}
