{
  "name": "sdtree",
  "version": "2.1.1",
  "lockfileVersion": 2,
  "requires": true,
  "packages": {
    "": {
      "version": "2.1.1",
      "license": "ISC",
      "dependencies": {
        "cmdhelper": "git+https://github.com/lilindog/cmdhelper.git",
        "filehelper": "git+https://github.com/lilindog/filehelper.git"
      },
      "bin": {
        "sdtree": "commander/index.js"
      },
      "devDependencies": {}
    },
    "node_modules/cmdhelper": {
      "resolved": "git+ssh://git@github.com/lilindog/cmdhelper.git#3b74dad9faccc8582c3b20b9da0490065512a4fb"
    },
    "node_modules/filehelper": {
      "resolved": "git+ssh://git@github.com/lilindog/filehelper.git#24ca6a02ba7a9a1169bf62bc47af4c531ef6dbe2"
    }
  },
  "dependencies": {
    "cmdhelper": {
      "version": "git+ssh://git@github.com/lilindog/cmdhelper.git#3b74dad9faccc8582c3b20b9da0490065512a4fb",
      "from": "cmdhelper@git+https://github.com/lilindog/cmdhelper.git"
    },
    "filehelper": {
      "version": "git+ssh://git@github.com/lilindog/filehelper.git#24ca6a02ba7a9a1169bf62bc47af4c531ef6dbe2",
      "from": "filehelper@git+https://github.com/lilindog/filehelper.git"
    }
  }
}
